
Microsoft Visual Studio Solution File, Format Version 12.00
# Visual Studio Version 16
VisualStudioVersion = 16.0.30804.86
MinimumVisualStudioVersion = 10.0.40219.1
Project("{FAE04EC0-301F-11D3-BF4B-00C04F79EFBC}") = "WeatherApp", "WeatherApp\WeatherApp.csproj", "{F757888E-B766-4965-B862-0746ABBD6F15}"
EndProject
Global
	GlobalSection(SolutionConfigurationPlatforms) = preSolution
		Debug|Any CPU = Debug|Any CPU
		Release|Any CPU = Release|Any CPU
	EndGlobalSection
	GlobalSection(ProjectConfigurationPlatforms) = postSolution
		{F757888E-B766-4965-B862-0746ABBD6F15}.Debug|Any CPU.ActiveCfg = Debug|Any CPU
		{F757888E-B766-4965-B862-0746ABBD6F15}.Debug|Any CPU.Build.0 = Debug|Any CPU
		{F757888E-B766-4965-B862-0746ABBD6F15}.Release|Any CPU.ActiveCfg = Release|Any CPU
		{F757888E-B766-4965-B862-0746ABBD6F15}.Release|Any CPU.Build.0 = Release|Any CPU
	EndGlobalSection
	GlobalSection(SolutionProperties) = preSolution
		HideSolutionNode = FALSE
	EndGlobalSection
	GlobalSection(ExtensibilityGlobals) = postSolution
		SolutionGuid = {4A55ACEC-5D59-4584-B96E-8A0057E01DD5}
	EndGlobalSection
EndGlobal
