
Microsoft Visual Studio Solution File, Format Version 12.00
# Visual Studio Version 16
VisualStudioVersion = 16.0.30907.101
MinimumVisualStudioVersion = 10.0.40219.1
Project("{FAE04EC0-301F-11D3-BF4B-00C04F79EFBC}") = "ATM", "ATM\ATM.csproj", "{DAEA01AB-C64D-4692-8D8F-A96573952D86}"
EndProject
Global
	GlobalSection(SolutionConfigurationPlatforms) = preSolution
		Debug|Any CPU = Debug|Any CPU
		Release|Any CPU = Release|Any CPU
	EndGlobalSection
	GlobalSection(ProjectConfigurationPlatforms) = postSolution
		{DAEA01AB-C64D-4692-8D8F-A96573952D86}.Debug|Any CPU.ActiveCfg = Debug|Any CPU
		{DAEA01AB-C64D-4692-8D8F-A96573952D86}.Debug|Any CPU.Build.0 = Debug|Any CPU
		{DAEA01AB-C64D-4692-8D8F-A96573952D86}.Release|Any CPU.ActiveCfg = Release|Any CPU
		{DAEA01AB-C64D-4692-8D8F-A96573952D86}.Release|Any CPU.Build.0 = Release|Any CPU
	EndGlobalSection
	GlobalSection(SolutionProperties) = preSolution
		HideSolutionNode = FALSE
	EndGlobalSection
	GlobalSection(ExtensibilityGlobals) = postSolution
		SolutionGuid = {22457834-5D62-4968-920F-A00DC10AB5A0}
	EndGlobalSection
EndGlobal
